
Microsoft Visual Studio Solution File, Format Version 12.00
# Visual Studio Version 17
VisualStudioVersion = 17.1.32228.430
MinimumVisualStudioVersion = 10.0.40219.1
Project("{8BC9CEB8-8B4A-11D0-8D11-00A0C91BC942}") = "Login_and_Register_Form", "Login_and_Register_Form.vcxproj", "{D61BD543-5D08-416E-AEA2-81A2E73E7CCF}"
EndProject
Global
	GlobalSection(SolutionConfigurationPlatforms) = preSolution
		Debug|x64 = Debug|x64
		Debug|x86 = Debug|x86
		Release|x64 = Release|x64
		Release|x86 = Release|x86
	EndGlobalSection
	GlobalSection(ProjectConfigurationPlatforms) = postSolution
		{D61BD543-5D08-416E-AEA2-81A2E73E7CCF}.Debug|x64.ActiveCfg = Debug|x64
		{D61BD543-5D08-416E-AEA2-81A2E73E7CCF}.Debug|x64.Build.0 = Debug|x64
		{D61BD543-5D08-416E-AEA2-81A2E73E7CCF}.Debug|x86.ActiveCfg = Debug|Win32
		{D61BD543-5D08-416E-AEA2-81A2E73E7CCF}.Debug|x86.Build.0 = Debug|Win32
		{D61BD543-5D08-416E-AEA2-81A2E73E7CCF}.Release|x64.ActiveCfg = Release|x64
		{D61BD543-5D08-416E-AEA2-81A2E73E7CCF}.Release|x64.Build.0 = Release|x64
		{D61BD543-5D08-416E-AEA2-81A2E73E7CCF}.Release|x86.ActiveCfg = Release|Win32
		{D61BD543-5D08-416E-AEA2-81A2E73E7CCF}.Release|x86.Build.0 = Release|Win32
	EndGlobalSection
	GlobalSection(SolutionProperties) = preSolution
		HideSolutionNode = FALSE
	EndGlobalSection
	GlobalSection(ExtensibilityGlobals) = postSolution
		SolutionGuid = {0380DD0C-B17C-4165-826C-35B520AF9859}
	EndGlobalSection
EndGlobal
